Microsoft Visual Studio Solution File, Format Version 10.00
# Visual Studio 2008

Project("{7F7A92B0-820E-A36D-5DCB-28926D5BDDCE}") = "osc_example", "osc_example.csproj", "{8B23B4E3-C5E5-C2D8-79DA-5D5370577F7E}"
EndProject
Global
	GlobalSection(SolutionConfigurationPlatforms) = preSolution
		Debug|Any CPU = Debug|Any CPU
		Release|Any CPU = Release|Any CPU
	EndGlobalSection
	GlobalSection(ProjectConfigurationPlatforms) = postSolution
		{8B23B4E3-C5E5-C2D8-79DA-5D5370577F7E}.Debug|Any CPU.ActiveCfg = Debug|Any CPU
		{8B23B4E3-C5E5-C2D8-79DA-5D5370577F7E}.Debug|Any CPU.Build.0 = Debug|Any CPU
		{8B23B4E3-C5E5-C2D8-79DA-5D5370577F7E}.Release|Any CPU.ActiveCfg = Release|Any CPU
		{8B23B4E3-C5E5-C2D8-79DA-5D5370577F7E}.Release|Any CPU.Build.0 = Release|Any CPU
	EndGlobalSection
	GlobalSection(SolutionProperties) = preSolution
		HideSolutionNode = FALSE
	EndGlobalSection
EndGlobal
